
Microsoft Visual Studio Solution File, Format Version 12.00
# Visual Studio Version 16
VisualStudioVersion = 16.0.31624.102
MinimumVisualStudioVersion = 10.0.40219.1
Project("{FAE04EC0-301F-11D3-BF4B-00C04F79EFBC}") = "Server1", "Server1\Server1.csproj", "{30051396-2FB9-404C-B315-BA3CFF055A75}"
EndProject
Global
	GlobalSection(SolutionConfigurationPlatforms) = preSolution
		Debug|Any CPU = Debug|Any CPU
		Release|Any CPU = Release|Any CPU
	EndGlobalSection
	GlobalSection(ProjectConfigurationPlatforms) = postSolution
		{30051396-2FB9-404C-B315-BA3CFF055A75}.Debug|Any CPU.ActiveCfg = Debug|Any CPU
		{30051396-2FB9-404C-B315-BA3CFF055A75}.Debug|Any CPU.Build.0 = Debug|Any CPU
		{30051396-2FB9-404C-B315-BA3CFF055A75}.Release|Any CPU.ActiveCfg = Release|Any CPU
		{30051396-2FB9-404C-B315-BA3CFF055A75}.Release|Any CPU.Build.0 = Release|Any CPU
	EndGlobalSection
	GlobalSection(SolutionProperties) = preSolution
		HideSolutionNode = FALSE
	EndGlobalSection
	GlobalSection(ExtensibilityGlobals) = postSolution
		SolutionGuid = {581E5894-7A99-42D3-B648-F5AA888EC26D}
	EndGlobalSection
EndGlobal
